// !$*UTF8*$!
{
	archiveVersion = 1;
	classes = {
	};
	objectVersion = 77;
	objects = {

/* Begin PBXContainerItemProxy section */
		E00C28902D23D71100241A4F /* PBXContainerItemProxy */ = {
			isa = PBXContainerItemProxy;
			containerPortal = E00C28772D23D71000241A4F /* Project object */;
			proxyType = 1;
			remoteGlobalIDString = E00C287E2D23D71000241A4F;
			remoteInfo = NativeBoostedWebviewSample;
		};
		E00C289A2D23D71100241A4F /* PBXContainerItemProxy */ = {
			isa = PBXContainerItemProxy;
			containerPortal = E00C28772D23D71000241A4F /* Project object */;
			proxyType = 1;
			remoteGlobalIDString = E00C287E2D23D71000241A4F;
			remoteInfo = NativeBoostedWebviewSample;
		};
/* End PBXContainerItemProxy section */

/* Begin PBXFileReference section */
		E00C287F2D23D71000241A4F /* NativeBoostedWebviewSample.app */ = {isa = PBXFileReference; explicitFileType = wrapper.application; includeInIndex = 0; path = NativeBoostedWebviewSample.app; sourceTree = BUILT_PRODUCTS_DIR; };
		E00C288F2D23D71100241A4F /* NativeBoostedWebviewSampleTests.xctest */ = {isa = PBXFileReference; explicitFileType = wrapper.cfbundle; includeInIndex = 0; path = NativeBoostedWebviewSampleTests.xctest; sourceTree = BUILT_PRODUCTS_DIR; };
		E00C28992D23D71100241A4F /* NativeBoostedWebviewSampleUITests.xctest */ = {isa = PBXFileReference; explicitFileType = wrapper.cfbundle; includeInIndex = 0; path = NativeBoostedWebviewSampleUITests.xctest; sourceTree = BUILT_PRODUCTS_DIR; };
/* End PBXFileReference section */

/* Begin PBXFileSystemSynchronizedBuildFileExceptionSet section */
		E00C28AD2D23DE5B00241A4F /* Exceptions for "NativeBoostedWebviewSample" folder in "NativeBoostedWebviewSample" target */ = {
			isa = PBXFileSystemSynchronizedBuildFileExceptionSet;
			membershipExceptions = (
				Info.plist,
			);
			target = E00C287E2D23D71000241A4F /* NativeBoostedWebviewSample */;
		};
/* End PBXFileSystemSynchronizedBuildFileExceptionSet section */

/* Begin PBXFileSystemSynchronizedRootGroup section */
		E00C28812D23D71000241A4F /* NativeBoostedWebviewSample */ = {
			isa = PBXFileSystemSynchronizedRootGroup;
			exceptions = (
				E00C28AD2D23DE5B00241A4F /* Exceptions for "NativeBoostedWebviewSample" folder in "NativeBoostedWebviewSample" target */,
			);
			path = NativeBoostedWebviewSample;
			sourceTree = "<group>";
		};
		E00C28922D23D71100241A4F /* NativeBoostedWebviewSampleTests */ = {
			isa = PBXFileSystemSynchronizedRootGroup;
			path = NativeBoostedWebviewSampleTests;
			sourceTree = "<group>";
		};
		E00C289C2D23D71100241A4F /* NativeBoostedWebviewSampleUITests */ = {
			isa = PBXFileSystemSynchronizedRootGroup;
			path = NativeBoostedWebviewSampleUITests;
			sourceTree = "<group>";
		};
/* End PBXFileSystemSynchronizedRootGroup section */

/* Begin PBXFrameworksBuildPhase section */
		E00C287C2D23D71000241A4F /* Frameworks */ = {
			isa = PBXFrameworksBuildPhase;
			buildActionMask = 2147483647;
			files = (
			);
			runOnlyForDeploymentPostprocessing = 0;
		};
		E00C288C2D23D71100241A4F /* Frameworks */ = {
			isa = PBXFrameworksBuildPhase;
			buildActionMask = 2147483647;
			files = (
			);
			runOnlyForDeploymentPostprocessing = 0;
		};
		E00C28962D23D71100241A4F /* Frameworks */ = {
			isa = PBXFrameworksBuildPhase;
			buildActionMask = 2147483647;
			files = (
			);
			runOnlyForDeploymentPostprocessing = 0;
		};
/* End PBXFrameworksBuildPhase section */

/* Begin PBXGroup section */
		E00C28762D23D71000241A4F = {
			isa = PBXGroup;
			children = (
				E00C28812D23D71000241A4F /* NativeBoostedWebviewSample */,
				E00C28922D23D71100241A4F /* NativeBoostedWebviewSampleTests */,
				E00C289C2D23D71100241A4F /* NativeBoostedWebviewSampleUITests */,
				E00C28802D23D71000241A4F /* Products */,
			);
			sourceTree = "<group>";
		};
		E00C28802D23D71000241A4F /* Products */ = {
			isa = PBXGroup;
			children = (
				E00C287F2D23D71000241A4F /* NativeBoostedWebviewSample.app */,
				E00C288F2D23D71100241A4F /* NativeBoostedWebviewSampleTests.xctest */,
				E00C28992D23D71100241A4F /* NativeBoostedWebviewSampleUITests.xctest */,
			);
			name = Products;
			sourceTree = "<group>";
		};
/* End PBXGroup section */

/* Begin PBXNativeTarget section */
		E00C287E2D23D71000241A4F /* NativeBoostedWebviewSample */ = {
			isa = PBXNativeTarget;
			buildConfigurationList = E00C28A32D23D71100241A4F /* Build configuration list for PBXNativeTarget "NativeBoostedWebviewSample" */;
			buildPhases = (
				E00C287B2D23D71000241A4F /* Sources */,
				E00C287C2D23D71000241A4F /* Frameworks */,
				E00C287D2D23D71000241A4F /* Resources */,
			);
			buildRules = (
			);
			dependencies = (
			);
			fileSystemSynchronizedGroups = (
				E00C28812D23D71000241A4F /* NativeBoostedWebviewSample */,
			);
			name = NativeBoostedWebviewSample;
			packageProductDependencies = (
			);
			productName = NativeBoostedWebviewSample;
			productReference = E00C287F2D23D71000241A4F /* NativeBoostedWebviewSample.app */;
			productType = "com.apple.product-type.application";
		};
		E00C288E2D23D71100241A4F /* NativeBoostedWebviewSampleTests */ = {
			isa = PBXNativeTarget;
			buildConfigurationList = E00C28A62D23D71100241A4F /* Build configuration list for PBXNativeTarget "NativeBoostedWebviewSampleTests" */;
			buildPhases = (
				E00C288B2D23D71100241A4F /* Sources */,
				E00C288C2D23D71100241A4F /* Frameworks */,
				E00C288D2D23D71100241A4F /* Resources */,
			);
			buildRules = (
			);
			dependencies = (
				E00C28912D23D71100241A4F /* PBXTargetDependency */,
			);
			fileSystemSynchronizedGroups = (
				E00C28922D23D71100241A4F /* NativeBoostedWebviewSampleTests */,
			);
			name = NativeBoostedWebviewSampleTests;
			packageProductDependencies = (
			);
			productName = NativeBoostedWebviewSampleTests;
			productReference = E00C288F2D23D71100241A4F /* NativeBoostedWebviewSampleTests.xctest */;
			productType = "com.apple.product-type.bundle.unit-test";
		};
		E00C28982D23D71100241A4F /* NativeBoostedWebviewSampleUITests */ = {
			isa = PBXNativeTarget;
			buildConfigurationList = E00C28A92D23D71100241A4F /* Build configuration list for PBXNativeTarget "NativeBoostedWebviewSampleUITests" */;
			buildPhases = (
				E00C28952D23D71100241A4F /* Sources */,
				E00C28962D23D71100241A4F /* Frameworks */,
				E00C28972D23D71100241A4F /* Resources */,
			);
			buildRules = (
			);
			dependencies = (
				E00C289B2D23D71100241A4F /* PBXTargetDependency */,
			);
			fileSystemSynchronizedGroups = (
				E00C289C2D23D71100241A4F /* NativeBoostedWebviewSampleUITests */,
			);
			name = NativeBoostedWebviewSampleUITests;
			packageProductDependencies = (
			);
			productName = NativeBoostedWebviewSampleUITests;
			productReference = E00C28992D23D71100241A4F /* NativeBoostedWebviewSampleUITests.xctest */;
			productType = "com.apple.product-type.bundle.ui-testing";
		};
/* End PBXNativeTarget section */

/* Begin PBXProject section */
		E00C28772D23D71000241A4F /* Project object */ = {
			isa = PBXProject;
			attributes = {
				BuildIndependentTargetsInParallel = 1;
				LastSwiftUpdateCheck = 1620;
				LastUpgradeCheck = 1620;
				TargetAttributes = {
					E00C287E2D23D71000241A4F = {
						CreatedOnToolsVersion = 16.2;
					};
					E00C288E2D23D71100241A4F = {
						CreatedOnToolsVersion = 16.2;
						TestTargetID = E00C287E2D23D71000241A4F;
					};
					E00C28982D23D71100241A4F = {
						CreatedOnToolsVersion = 16.2;
						TestTargetID = E00C287E2D23D71000241A4F;
					};
				};
			};
			buildConfigurationList = E00C287A2D23D71000241A4F /* Build configuration list for PBXProject "NativeBoostedWebviewSample" */;
			developmentRegion = en;
			hasScannedForEncodings = 0;
			knownRegions = (
				en,
				Base,
			);
			mainGroup = E00C28762D23D71000241A4F;
			minimizedProjectReferenceProxies = 1;
			preferredProjectObjectVersion = 77;
			productRefGroup = E00C28802D23D71000241A4F /* Products */;
			projectDirPath = "";
			projectRoot = "";
			targets = (
				E00C287E2D23D71000241A4F /* NativeBoostedWebviewSample */,
				E00C288E2D23D71100241A4F /* NativeBoostedWebviewSampleTests */,
				E00C28982D23D71100241A4F /* NativeBoostedWebviewSampleUITests */,
			);
		};
/* End PBXProject section */

/* Begin PBXResourcesBuildPhase section */
		E00C287D2D23D71000241A4F /* Resources */ = {
			isa = PBXResourcesBuildPhase;
			buildActionMask = 2147483647;
			files = (
			);
			runOnlyForDeploymentPostprocessing = 0;
		};
		E00C288D2D23D71100241A4F /* Resources */ = {
			isa = PBXResourcesBuildPhase;
			buildActionMask = 2147483647;
			files = (
			);
			runOnlyForDeploymentPostprocessing = 0;
		};
		E00C28972D23D71100241A4F /* Resources */ = {
			isa = PBXResourcesBuildPhase;
			buildActionMask = 2147483647;
			files = (
			);
			runOnlyForDeploymentPostprocessing = 0;
		};
/* End PBXResourcesBuildPhase section */

/* Begin PBXSourcesBuildPhase section */
		E00C287B2D23D71000241A4F /* Sources */ = {
			isa = PBXSourcesBuildPhase;
			buildActionMask = 2147483647;
			files = (
			);
			runOnlyForDeploymentPostprocessing = 0;
		};
		E00C288B2D23D71100241A4F /* Sources */ = {
			isa = PBXSourcesBuildPhase;
			buildActionMask = 2147483647;
			files = (
			);
			runOnlyForDeploymentPostprocessing = 0;
		};
		E00C28952D23D71100241A4F /* Sources */ = {
			isa = PBXSourcesBuildPhase;
			buildActionMask = 2147483647;
			files = (
			);
			runOnlyForDeploymentPostprocessing = 0;
		};
/* End PBXSourcesBuildPhase section */

/* Begin PBXTargetDependency section */
		E00C28912D23D71100241A4F /* PBXTargetDependency */ = {
			isa = PBXTargetDependency;
			target = E00C287E2D23D71000241A4F /* NativeBoostedWebviewSample */;
			targetProxy = E00C28902D23D71100241A4F /* PBXContainerItemProxy */;
		};
		E00C289B2D23D71100241A4F /* PBXTargetDependency */ = {
			isa = PBXTargetDependency;
			target = E00C287E2D23D71000241A4F /* NativeBoostedWebviewSample */;
			targetProxy = E00C289A2D23D71100241A4F /* PBXContainerItemProxy */;
		};
/* End PBXTargetDependency section */

/* Begin XCBuildConfiguration section */
		E00C28A12D23D71100241A4F /* Debug */ = {
			isa = XCBuildConfiguration;
			buildSettings = {
				ALWAYS_SEARCH_USER_PATHS = NO;
				ASSETCATALOG_COMPILER_GENERATE_SWIFT_ASSET_SYMBOL_EXTENSIONS = YES;
				CLANG_ANALYZER_NONNULL = YES;
				CLANG_ANALYZER_NUMBER_OBJECT_CONVERSION = YES_AGGRESSIVE;
				CLANG_CXX_LANGUAGE_STANDARD = "gnu++20";
				CLANG_ENABLE_MODULES = YES;
				CLANG_ENABLE_OBJC_ARC = YES;
				CLANG_ENABLE_OBJC_WEAK = YES;
				CLANG_WARN_BLOCK_CAPTURE_AUTORELEASING = YES;
				CLANG_WARN_BOOL_CONVERSION = YES;
				CLANG_WARN_COMMA = YES;
				CLANG_WARN_CONSTANT_CONVERSION = YES;
				CLANG_WARN_DEPRECATED_OBJC_IMPLEMENTATIONS = YES;
				CLANG_WARN_DIRECT_OBJC_ISA_USAGE = YES_ERROR;
				CLANG_WARN_DOCUMENTATION_COMMENTS = YES;
				CLANG_WARN_EMPTY_BODY = YES;
				CLANG_WARN_ENUM_CONVERSION = YES;
				CLANG_WARN_INFINITE_RECURSION = YES;
				CLANG_WARN_INT_CONVERSION = YES;
				CLANG_WARN_NON_LITERAL_NULL_CONVERSION = YES;
				CLANG_WARN_OBJC_IMPLICIT_RETAIN_SELF = YES;
				CLANG_WARN_OBJC_LITERAL_CONVERSION = YES;
				CLANG_WARN_OBJC_ROOT_CLASS = YES_ERROR;
				CLANG_WARN_QUOTED_INCLUDE_IN_FRAMEWORK_HEADER = YES;
				CLANG_WARN_RANGE_LOOP_ANALYSIS = YES;
				CLANG_WARN_STRICT_PROTOTYPES = YES;
				CLANG_WARN_SUSPICIOUS_MOVE = YES;
				CLANG_WARN_UNGUARDED_AVAILABILITY = YES_AGGRESSIVE;
				CLANG_WARN_UNREACHABLE_CODE = YES;
				CLANG_WARN__DUPLICATE_METHOD_MATCH = YES;
				COPY_PHASE_STRIP = NO;
				DEBUG_INFORMATION_FORMAT = dwarf;
				ENABLE_STRICT_OBJC_MSGSEND = YES;
				ENABLE_TESTABILITY = YES;
				ENABLE_USER_SCRIPT_SANDBOXING = YES;
				GCC_C_LANGUAGE_STANDARD = gnu17;
				GCC_DYNAMIC_NO_PIC = NO;
				GCC_NO_COMMON_BLOCKS = YES;
				GCC_OPTIMIZATION_LEVEL = 0;
				GCC_PREPROCESSOR_DEFINITIONS = (
					"DEBUG=1",
					"$(inherited)",
				);
				GCC_WARN_64_TO_32_BIT_CONVERSION = YES;
				GCC_WARN_ABOUT_RETURN_TYPE = YES_ERROR;
				GCC_WARN_UNDECLARED_SELECTOR = YES;
				GCC_WARN_UNINITIALIZED_AUTOS = YES_AGGRESSIVE;
				GCC_WARN_UNUSED_FUNCTION = YES;
				GCC_WARN_UNUSED_VARIABLE = YES;
				IPHONEOS_DEPLOYMENT_TARGET = 18.2;
				LOCALIZATION_PREFERS_STRING_CATALOGS = YES;
				MTL_ENABLE_DEBUG_INFO = INCLUDE_SOURCE;
				MTL_FAST_MATH = YES;
				ONLY_ACTIVE_ARCH = YES;
				SDKROOT = iphoneos;
				SWIFT_ACTIVE_COMPILATION_CONDITIONS = "DEBUG $(inherited)";
				SWIFT_OPTIMIZATION_LEVEL = "-Onone";
			};
			name = Debug;
		};
		E00C28A22D23D71100241A4F /* Release */ = {
			isa = XCBuildConfiguration;
			buildSettings = {
				ALWAYS_SEARCH_USER_PATHS = NO;
				ASSETCATALOG_COMPILER_GENERATE_SWIFT_ASSET_SYMBOL_EXTENSIONS = YES;
				CLANG_ANALYZER_NONNULL = YES;
				CLANG_ANALYZER_NUMBER_OBJECT_CONVERSION = YES_AGGRESSIVE;
				CLANG_CXX_LANGUAGE_STANDARD = "gnu++20";
				CLANG_ENABLE_MODULES = YES;
				CLANG_ENABLE_OBJC_ARC = YES;
				CLANG_ENABLE_OBJC_WEAK = YES;
				CLANG_WARN_BLOCK_CAPTURE_AUTORELEASING = YES;
				CLANG_WARN_BOOL_CONVERSION = YES;
				CLANG_WARN_COMMA = YES;
				CLANG_WARN_CONSTANT_CONVERSION = YES;
				CLANG_WARN_DEPRECATED_OBJC_IMPLEMENTATIONS = YES;
				CLANG_WARN_DIRECT_OBJC_ISA_USAGE = YES_ERROR;
				CLANG_WARN_DOCUMENTATION_COMMENTS = YES;
				CLANG_WARN_EMPTY_BODY = YES;
				CLANG_WARN_ENUM_CONVERSION = YES;
				CLANG_WARN_INFINITE_RECURSION = YES;
				CLANG_WARN_INT_CONVERSION = YES;
				CLANG_WARN_NON_LITERAL_NULL_CONVERSION = YES;
				CLANG_WARN_OBJC_IMPLICIT_RETAIN_SELF = YES;
				CLANG_WARN_OBJC_LITERAL_CONVERSION = YES;
				CLANG_WARN_OBJC_ROOT_CLASS = YES_ERROR;
				CLANG_WARN_QUOTED_INCLUDE_IN_FRAMEWORK_HEADER = YES;
				CLANG_WARN_RANGE_LOOP_ANALYSIS = YES;
				CLANG_WARN_STRICT_PROTOTYPES = YES;
				CLANG_WARN_SUSPICIOUS_MOVE = YES;
				CLANG_WARN_UNGUARDED_AVAILABILITY = YES_AGGRESSIVE;
				CLANG_WARN_UNREACHABLE_CODE = YES;
				CLANG_WARN__DUPLICATE_METHOD_MATCH = YES;
				COPY_PHASE_STRIP = NO;
				DEBUG_INFORMATION_FORMAT = "dwarf-with-dsym";
				ENABLE_NS_ASSERTIONS = NO;
				ENABLE_STRICT_OBJC_MSGSEND = YES;
				ENABLE_USER_SCRIPT_SANDBOXING = YES;
				GCC_C_LANGUAGE_STANDARD = gnu17;
				GCC_NO_COMMON_BLOCKS = YES;
				GCC_WARN_64_TO_32_BIT_CONVERSION = YES;
				GCC_WARN_ABOUT_RETURN_TYPE = YES_ERROR;
				GCC_WARN_UNDECLARED_SELECTOR = YES;
				GCC_WARN_UNINITIALIZED_AUTOS = YES_AGGRESSIVE;
				GCC_WARN_UNUSED_FUNCTION = YES;
				GCC_WARN_UNUSED_VARIABLE = YES;
				IPHONEOS_DEPLOYMENT_TARGET = 18.2;
				LOCALIZATION_PREFERS_STRING_CATALOGS = YES;
				MTL_ENABLE_DEBUG_INFO = NO;
				MTL_FAST_MATH = YES;
				SDKROOT = iphoneos;
				SWIFT_COMPILATION_MODE = wholemodule;
				VALIDATE_PRODUCT = YES;
			};
			name = Release;
		};
		E00C28A42D23D71100241A4F /* Debug */ = {
			isa = XCBuildConfiguration;
			buildSettings = {
				ASSETCATALOG_COMPILER_APPICON_NAME = AppIcon;
				ASSETCATALOG_COMPILER_GLOBAL_ACCENT_COLOR_NAME = AccentColor;
				CODE_SIGN_STYLE = Automatic;
				CURRENT_PROJECT_VERSION = 1;
				DEVELOPMENT_ASSET_PATHS = "\"NativeBoostedWebviewSample/Preview Content\"";
				DEVELOPMENT_TEAM = 2XP68H263H;
				ENABLE_PREVIEWS = YES;
				GENERATE_INFOPLIST_FILE = YES;
				INFOPLIST_FILE = NativeBoostedWebviewSample/Info.plist;
				INFOPLIST_KEY_UIApplicationSceneManifest_Generation = YES;
				INFOPLIST_KEY_UIApplicationSupportsIndirectInputEvents = YES;
				INFOPLIST_KEY_UILaunchScreen_Generation = YES;
				INFOPLIST_KEY_UISupportedInterfaceOrientations_iPad = "UIInterfaceOrientationPortrait UIInterfaceOrientationPortraitUpsideDown UIInterfaceOrientationLandscapeLeft UIInterfaceOrientationLandscapeRight";
				INFOPLIST_KEY_UISupportedInterfaceOrientations_iPhone = "UIInterfaceOrientationPortrait UIInterfaceOrientationLandscapeLeft UIInterfaceOrientationLandscapeRight";
				LD_RUNPATH_SEARCH_PATHS = (
					"$(inherited)",
					"@executable_path/Frameworks",
				);
				MARKETING_VERSION = 1.0;
				PRODUCT_BUNDLE_IDENTIFIER = com.winm2m.app.NativeBoostedWebviewSample;
				PRODUCT_NAME = "$(TARGET_NAME)";
				SWIFT_EMIT_LOC_STRINGS = YES;
				SWIFT_VERSION = 5.0;
				TARGETED_DEVICE_FAMILY = "1,2";
			};
			name = Debug;
		};
		E00C28A52D23D71100241A4F /* Release */ = {
			isa = XCBuildConfiguration;
			buildSettings = {
				ASSETCATALOG_COMPILER_APPICON_NAME = AppIcon;
				ASSETCATALOG_COMPILER_GLOBAL_ACCENT_COLOR_NAME = AccentColor;
				CODE_SIGN_STYLE = Automatic;
				CURRENT_PROJECT_VERSION = 1;
				DEVELOPMENT_ASSET_PATHS = "\"NativeBoostedWebviewSample/Preview Content\"";
				DEVELOPMENT_TEAM = 2XP68H263H;
				ENABLE_PREVIEWS = YES;
				GENERATE_INFOPLIST_FILE = YES;
				INFOPLIST_FILE = NativeBoostedWebviewSample/Info.plist;
				INFOPLIST_KEY_UIApplicationSceneManifest_Generation = YES;
				INFOPLIST_KEY_UIApplicationSupportsIndirectInputEvents = YES;
				INFOPLIST_KEY_UILaunchScreen_Generation = YES;
				INFOPLIST_KEY_UISupportedInterfaceOrientations_iPad = "UIInterfaceOrientationPortrait UIInterfaceOrientationPortraitUpsideDown UIInterfaceOrientationLandscapeLeft UIInterfaceOrientationLandscapeRight";
				INFOPLIST_KEY_UISupportedInterfaceOrientations_iPhone = "UIInterfaceOrientationPortrait UIInterfaceOrientationLandscapeLeft UIInterfaceOrientationLandscapeRight";
				LD_RUNPATH_SEARCH_PATHS = (
					"$(inherited)",
					"@executable_path/Frameworks",
				);
				MARKETING_VERSION = 1.0;
				PRODUCT_BUNDLE_IDENTIFIER = com.winm2m.app.NativeBoostedWebviewSample;
				PRODUCT_NAME = "$(TARGET_NAME)";
				SWIFT_EMIT_LOC_STRINGS = YES;
				SWIFT_VERSION = 5.0;
				TARGETED_DEVICE_FAMILY = "1,2";
			};
			name = Release;
		};
		E00C28A72D23D71100241A4F /* Debug */ = {
			isa = XCBuildConfiguration;
			buildSettings = {
				BUNDLE_LOADER = "$(TEST_HOST)";
				CODE_SIGN_STYLE = Automatic;
				CURRENT_PROJECT_VERSION = 1;
				DEVELOPMENT_TEAM = 2XP68H263H;
				GENERATE_INFOPLIST_FILE = YES;
				IPHONEOS_DEPLOYMENT_TARGET = 18.2;
				MARKETING_VERSION = 1.0;
				PRODUCT_BUNDLE_IDENTIFIER = com.winm2m.app.NativeBoostedWebviewSampleTests;
				PRODUCT_NAME = "$(TARGET_NAME)";
				SWIFT_EMIT_LOC_STRINGS = NO;
				SWIFT_VERSION = 5.0;
				TARGETED_DEVICE_FAMILY = "1,2";
				TEST_HOST = "$(BUILT_PRODUCTS_DIR)/NativeBoostedWebviewSample.app/$(BUNDLE_EXECUTABLE_FOLDER_PATH)/NativeBoostedWebviewSample";
			};
			name = Debug;
		};
		E00C28A82D23D71100241A4F /* Release */ = {
			isa = XCBuildConfiguration;
			buildSettings = {
				BUNDLE_LOADER = "$(TEST_HOST)";
				CODE_SIGN_STYLE = Automatic;
				CURRENT_PROJECT_VERSION = 1;
				DEVELOPMENT_TEAM = 2XP68H263H;
				GENERATE_INFOPLIST_FILE = YES;
				IPHONEOS_DEPLOYMENT_TARGET = 18.2;
				MARKETING_VERSION = 1.0;
				PRODUCT_BUNDLE_IDENTIFIER = com.winm2m.app.NativeBoostedWebviewSampleTests;
				PRODUCT_NAME = "$(TARGET_NAME)";
				SWIFT_EMIT_LOC_STRINGS = NO;
				SWIFT_VERSION = 5.0;
				TARGETED_DEVICE_FAMILY = "1,2";
				TEST_HOST = "$(BUILT_PRODUCTS_DIR)/NativeBoostedWebviewSample.app/$(BUNDLE_EXECUTABLE_FOLDER_PATH)/NativeBoostedWebviewSample";
			};
			name = Release;
		};
		E00C28AA2D23D71100241A4F /* Debug */ = {
			isa = XCBuildConfiguration;
			buildSettings = {
				CODE_SIGN_STYLE = Automatic;
				CURRENT_PROJECT_VERSION = 1;
				DEVELOPMENT_TEAM = 2XP68H263H;
				GENERATE_INFOPLIST_FILE = YES;
				MARKETING_VERSION = 1.0;
				PRODUCT_BUNDLE_IDENTIFIER = com.winm2m.app.NativeBoostedWebviewSampleUITests;
				PRODUCT_NAME = "$(TARGET_NAME)";
				SWIFT_EMIT_LOC_STRINGS = NO;
				SWIFT_VERSION = 5.0;
				TARGETED_DEVICE_FAMILY = "1,2";
				TEST_TARGET_NAME = NativeBoostedWebviewSample;
			};
			name = Debug;
		};
		E00C28AB2D23D71100241A4F /* Release */ = {
			isa = XCBuildConfiguration;
			buildSettings = {
				CODE_SIGN_STYLE = Automatic;
				CURRENT_PROJECT_VERSION = 1;
				DEVELOPMENT_TEAM = 2XP68H263H;
				GENERATE_INFOPLIST_FILE = YES;
				MARKETING_VERSION = 1.0;
				PRODUCT_BUNDLE_IDENTIFIER = com.winm2m.app.NativeBoostedWebviewSampleUITests;
				PRODUCT_NAME = "$(TARGET_NAME)";
				SWIFT_EMIT_LOC_STRINGS = NO;
				SWIFT_VERSION = 5.0;
				TARGETED_DEVICE_FAMILY = "1,2";
				TEST_TARGET_NAME = NativeBoostedWebviewSample;
			};
			name = Release;
		};
/* End XCBuildConfiguration section */

/* Begin XCConfigurationList section */
		E00C287A2D23D71000241A4F /* Build configuration list for PBXProject "NativeBoostedWebviewSample" */ = {
			isa = XCConfigurationList;
			buildConfigurations = (
				E00C28A12D23D71100241A4F /* Debug */,
				E00C28A22D23D71100241A4F /* Release */,
			);
			defaultConfigurationIsVisible = 0;
			defaultConfigurationName = Release;
		};
		E00C28A32D23D71100241A4F /* Build configuration list for PBXNativeTarget "NativeBoostedWebviewSample" */ = {
			isa = XCConfigurationList;
			buildConfigurations = (
				E00C28A42D23D71100241A4F /* Debug */,
				E00C28A52D23D71100241A4F /* Release */,
			);
			defaultConfigurationIsVisible = 0;
			defaultConfigurationName = Release;
		};
		E00C28A62D23D71100241A4F /* Build configuration list for PBXNativeTarget "NativeBoostedWebviewSampleTests" */ = {
			isa = XCConfigurationList;
			buildConfigurations = (
				E00C28A72D23D71100241A4F /* Debug */,
				E00C28A82D23D71100241A4F /* Release */,
			);
			defaultConfigurationIsVisible = 0;
			defaultConfigurationName = Release;
		};
		E00C28A92D23D71100241A4F /* Build configuration list for PBXNativeTarget "NativeBoostedWebviewSampleUITests" */ = {
			isa = XCConfigurationList;
			buildConfigurations = (
				E00C28AA2D23D71100241A4F /* Debug */,
				E00C28AB2D23D71100241A4F /* Release */,
			);
			defaultConfigurationIsVisible = 0;
			defaultConfigurationName = Release;
		};
/* End XCConfigurationList section */
	};
	rootObject = E00C28772D23D71000241A4F /* Project object */;
}
